{
  "name": "wiki-vue",
  "version": "1.0.0",
  "lockfileVersion": 1,
  "requires": true,
  "dependencies": {
    "yarn": {
      "version": "1.10.0",
      "resolved": "https://registry.npmjs.org/yarn/-/yarn-1.10.0.tgz",
      "integrity": "sha512-cA0d1O8GzYZfeuBC7ynZ6UkUf4DoCatXcl0L9N8FuKgGZo159gFqpnn/lyloguPhx20UD6vp2UjBnQkPNNRS7g=="
    }
  }
}
